
Microsoft Visual Studio Solution File, Format Version 12.00
# Visual Studio Version 17
VisualStudioVersion = 17.4.33213.308
MinimumVisualStudioVersion = 10.0.40219.1
Project("{FAE04EC0-301F-11D3-BF4B-00C04F79EFBC}") = "HotelApp", "HotelApp.csproj", "{B759DC0D-54F9-4F63-8F62-FAABA5DC950F}"
EndProject
Project("{FAE04EC0-301F-11D3-BF4B-00C04F79EFBC}") = "HotelAppTests", "HotelAppTests\HotelAppTests.csproj", "{528748BA-01DC-4F39-9FB8-A1E51DCDD412}"
EndProject
Global
	GlobalSection(SolutionConfigurationPlatforms) = preSolution
		Debug|Any CPU = Debug|Any CPU
		Release|Any CPU = Release|Any CPU
	EndGlobalSection
	GlobalSection(ProjectConfigurationPlatforms) = postSolution
		{B759DC0D-54F9-4F63-8F62-FAABA5DC950F}.Debug|Any CPU.ActiveCfg = Debug|Any CPU
		{B759DC0D-54F9-4F63-8F62-FAABA5DC950F}.Debug|Any CPU.Build.0 = Debug|Any CPU
		{B759DC0D-54F9-4F63-8F62-FAABA5DC950F}.Release|Any CPU.ActiveCfg = Release|Any CPU
		{B759DC0D-54F9-4F63-8F62-FAABA5DC950F}.Release|Any CPU.Build.0 = Release|Any CPU
		{528748BA-01DC-4F39-9FB8-A1E51DCDD412}.Debug|Any CPU.ActiveCfg = Debug|Any CPU
		{528748BA-01DC-4F39-9FB8-A1E51DCDD412}.Debug|Any CPU.Build.0 = Debug|Any CPU
		{528748BA-01DC-4F39-9FB8-A1E51DCDD412}.Release|Any CPU.ActiveCfg = Release|Any CPU
		{528748BA-01DC-4F39-9FB8-A1E51DCDD412}.Release|Any CPU.Build.0 = Release|Any CPU
	EndGlobalSection
	GlobalSection(SolutionProperties) = preSolution
		HideSolutionNode = FALSE
	EndGlobalSection
	GlobalSection(ExtensibilityGlobals) = postSolution
		SolutionGuid = {FC3F77B8-8134-47B4-AC6E-0BCE65F9C81C}
	EndGlobalSection
EndGlobal
